
Microsoft Visual Studio Solution File, Format Version 12.00
# Visual Studio Version 16
VisualStudioVersion = 16.0.30517.126
MinimumVisualStudioVersion = 10.0.40219.1
Project("{FAE04EC0-301F-11D3-BF4B-00C04F79EFBC}") = "WebApplication2", "WebApplication2\WebApplication2.csproj", "{2CC99FD1-E26E-4431-9B2E-7786FC59E235}"
EndProject
Global
	GlobalSection(SolutionConfigurationPlatforms) = preSolution
		Debug|Any CPU = Debug|Any CPU
		Release|Any CPU = Release|Any CPU
	EndGlobalSection
	GlobalSection(ProjectConfigurationPlatforms) = postSolution
		{2CC99FD1-E26E-4431-9B2E-7786FC59E235}.Debug|Any CPU.ActiveCfg = Debug|Any CPU
		{2CC99FD1-E26E-4431-9B2E-7786FC59E235}.Debug|Any CPU.Build.0 = Debug|Any CPU
		{2CC99FD1-E26E-4431-9B2E-7786FC59E235}.Release|Any CPU.ActiveCfg = Release|Any CPU
		{2CC99FD1-E26E-4431-9B2E-7786FC59E235}.Release|Any CPU.Build.0 = Release|Any CPU
	EndGlobalSection
	GlobalSection(SolutionProperties) = preSolution
		HideSolutionNode = FALSE
	EndGlobalSection
	GlobalSection(ExtensibilityGlobals) = postSolution
		SolutionGuid = {BCEB9A50-9334-4363-9FF9-B78234F22B08}
	EndGlobalSection
EndGlobal
